---
lockfileVersion: 1
lockfileVendor: redhat
arches:
- arch: x86_64
  packages:
  - url: https://cdn-ubi.redhat.com/content/public/ubi/dist/ubi9/9/x86_64/appstream/os/Packages/c/cpp-11.5.0-5.el9_5.x86_64.rpm
    repoid: ubi-9-for-x86_64-appstream-rpms
    size: 11229073
    checksum: sha256:b5567c690d46d4f5a2cb13be6a4f962dbe8cc7e821b9d3baa09a4f10c59014d9
    name: cpp
    evr: 11.5.0-5.el9_5
    sourcerpm: gcc-11.5.0-5.el9_5.src.rpm
  - url: https://cdn-ubi.redhat.com/content/public/ubi/dist/ubi9/9/x86_64/appstream/os/Packages/g/gcc-11.5.0-5.el9_5.x86_64.rpm
    repoid: ubi-9-for-x86_64-appstream-rpms
    size: 34006000
    checksum: sha256:03c99bc1021dbe54dd93120ed6b5249bbb02dbd5da9e0dc5d8c4a21d674fb1fd
    name: gcc
    evr: 11.5.0-5.el9_5
    sourcerpm: gcc-11.5.0-5.el9_5.src.rpm
  - url: https://cdn-ubi.redhat.com/content/public/ubi/dist/ubi9/9/x86_64/appstream/os/Packages/g/gcc-c++-11.5.0-5.el9_5.x86_64.rpm
    repoid: ubi-9-for-x86_64-appstream-rpms
    size: 13479598
    checksum: sha256:b8392274e302d665bc132aee4ed023f8a777d9c446531679ede18150d7867189
    name: gcc-c++
    evr: 11.5.0-5.el9_5
    sourcerpm: gcc-11.5.0-5.el9_5.src.rpm
  - url: https://cdn-ubi.redhat.com/content/public/ubi/dist/ubi9/9/x86_64/appstream/os/Packages/g/glibc-devel-2.34-168.el9_6.23.x86_64.rpm
    repoid: ubi-9-for-x86_64-appstream-rpms
    size: 34295
    checksum: sha256:0fa11752abf8ee80658e10017c62f7c0301bcae4008e4716fe6f114a7b9e3977
    name: glibc-devel
    evr: 2.34-168.el9_6.23
    sourcerpm: glibc-2.34-168.el9_6.23.src.rpm
  - url: https://cdn-ubi.redhat.com/content/public/ubi/dist/ubi9/9/x86_64/appstream/os/Packages/g/glibc-headers-2.34-168.el9_6.23.x86_64.rpm
    repoid: ubi-9-for-x86_64-appstream-rpms
    size: 553222
    checksum: sha256:b090ce707af3eb4d6a20e57fe780502d363892ecaaa41bc1575e4c6c5912f2ab
    name: glibc-headers
    evr: 2.34-168.el9_6.23
    sourcerpm: glibc-2.34-168.el9_6.23.src.rpm
  - url: https://cdn-ubi.redhat.com/content/public/ubi/dist/ubi9/9/x86_64/appstream/os/Packages/k/kernel-headers-5.14.0-611.7.1.el9_7.x86_64.rpm
    repoid: ubi-9-for-x86_64-appstream-rpms
    size: 2982545
    checksum: sha256:f23e85b193ff7fd6ec26e7f84b9a042f19bcafffab9f6f6d42acdc305b58f702
    name: kernel-headers
    evr: 5.14.0-611.7.1.el9_7
    sourcerpm: kernel-5.14.0-611.7.1.el9_7.src.rpm
  - url: https://cdn-ubi.redhat.com/content/public/ubi/dist/ubi9/9/x86_64/appstream/os/Packages/l/libmpc-1.2.1-4.el9.x86_64.rpm
    repoid: ubi-9-for-x86_64-appstream-rpms
    size: 66075
    checksum: sha256:b97b4e98c3c6f41dcfc2ceb4ffa1aba7a338b7cfd9e6c4f63e3160dd3cc033d3
    name: libmpc
    evr: 1.2.1-4.el9
    sourcerpm: libmpc-1.2.1-4.el9.src.rpm
  - url: https://cdn-ubi.redhat.com/content/public/ubi/dist/ubi9/9/x86_64/appstream/os/Packages/l/libnsl2-2.0.0-1.el9.x86_64.rpm
    repoid: ubi-9-for-x86_64-appstream-rpms
    size: 33287
    checksum: sha256:052f7a182180528ba6e3c4378e5dcfb84640594a3e2e7bbe4f0167381e824ce0
    name: libnsl2
    evr: 2.0.0-1.el9
    sourcerpm: libnsl2-2.0.0-1.el9.src.rpm
  - url: https://cdn-ubi.redhat.com/content/public/ubi/dist/ubi9/9/x86_64/appstream/os/Packages/l/libstdc++-devel-11.5.0-5.el9_5.x86_64.rpm
    repoid: ubi-9-for-x86_64-appstream-rpms
    size: 2531717
    checksum: sha256:84695eeeb1daa8ff74baf7efd9fc57fb136bec7e8a2ca56c105be6d83ec22d07
    name: libstdc++-devel
    evr: 11.5.0-5.el9_5
    sourcerpm: gcc-11.5.0-5.el9_5.src.rpm
  - url: https://cdn-ubi.redhat.com/content/public/ubi/dist/ubi9/9/x86_64/appstream/os/Packages/l/libxcrypt-compat-4.4.18-3.el9.x86_64.rpm
    repoid: ubi-9-for-x86_64-appstream-rpms
    size: 93189
    checksum: sha256:2bd6c288e1970a001d3a1ae69166c0d926d9c87ce892edcb2110f4e142c12a7a
    name: libxcrypt-compat
    evr: 4.4.18-3.el9
    sourcerpm: libxcrypt-4.4.18-3.el9.src.rpm
  - url: https://cdn-ubi.redhat.com/content/public/ubi/dist/ubi9/9/x86_64/appstream/os/Packages/l/libxcrypt-devel-4.4.18-3.el9.x86_64.rpm
    repoid: ubi-9-for-x86_64-appstream-rpms
    size: 33101
    checksum: sha256:c1d171391a7d2e043a6953efd3df3e01edc9b4c6cdb54517e1608d204a5fce18
    name: libxcrypt-devel
    evr: 4.4.18-3.el9
    sourcerpm: libxcrypt-4.4.18-3.el9.src.rpm
  - url: https://cdn-ubi.redhat.com/content/public/ubi/dist/ubi9/9/x86_64/appstream/os/Packages/l/libzstd-devel-1.5.5-1.el9.x86_64.rpm
    repoid: ubi-9-for-x86_64-appstream-rpms
    size: 53219
    checksum: sha256:5eff37e589fce787982840ace9bd4fa9a869287b186727be87d829e525e16624
    name: libzstd-devel
    evr: 1.5.5-1.el9
    sourcerpm: zstd-1.5.5-1.el9.src.rpm
  - url: https://cdn-ubi.redhat.com/content/public/ubi/dist/ubi9/9/x86_64/appstream/os/Packages/m/mpdecimal-2.5.1-3.el9.x86_64.rpm
    repoid: ubi-9-for-x86_64-appstream-rpms
    size: 89670
    checksum: sha256:89a8c9951ac56bed2caa1adbcba349c021af1134b6e2df3fc0a8a60577a4f54d
    name: mpdecimal
    evr: 2.5.1-3.el9
    sourcerpm: mpdecimal-2.5.1-3.el9.src.rpm
  - url: https://cdn-ubi.redhat.com/content/public/ubi/dist/ubi9/9/x86_64/appstream/os/Packages/o/openssl-devel-3.2.2-6.el9_5.1.x86_64.rpm
    repoid: ubi-9-for-x86_64-appstream-rpms
    size: 4650823
    checksum: sha256:30cd1b3dec089a7da71e9167532693bef7c202a5dbe3c010af2a9387106a0b36
    name: openssl-devel
    evr: 1:3.2.2-6.el9_5.1
    sourcerpm: openssl-3.2.2-6.el9_5.1.src.rpm
  - url: https://cdn-ubi.redhat.com/content/public/ubi/dist/ubi9/9/x86_64/appstream/os/Packages/p/python3.11-3.11.11-2.el9_6.2.x86_64.rpm
    repoid: ubi-9-for-x86_64-appstream-rpms
    size: 25148
    checksum: sha256:01129c3d24e06a4fadb253af466f145f1e82abb524e82670eb8ac155abc479a4
    name: python3.11
    evr: 3.11.11-2.el9_6.2
    sourcerpm: python3.11-3.11.11-2.el9_6.2.src.rpm
  - url: https://cdn-ubi.redhat.com/content/public/ubi/dist/ubi9/9/x86_64/appstream/os/Packages/p/python3.11-devel-3.11.11-2.el9_6.2.x86_64.rpm
    repoid: ubi-9-for-x86_64-appstream-rpms
    size: 282615
    checksum: sha256:3de45385b33e14a35d16f305ca288b3a2fdcc3f1654c07870f04e4884d68c213
    name: python3.11-devel
    evr: 3.11.11-2.el9_6.2
    sourcerpm: python3.11-3.11.11-2.el9_6.2.src.rpm
  - url: https://cdn-ubi.redhat.com/content/public/ubi/dist/ubi9/9/x86_64/appstream/os/Packages/p/python3.11-libs-3.11.11-2.el9_6.2.x86_64.rpm
    repoid: ubi-9-for-x86_64-appstream-rpms
    size: 10702100
    checksum: sha256:d3c49fc65788e11ee5375511d726e3c6ed6cf4be7206c57c0b7e73a5278a91cb
    name: python3.11-libs
    evr: 3.11.11-2.el9_6.2
    sourcerpm: python3.11-3.11.11-2.el9_6.2.src.rpm
  - url: https://cdn-ubi.redhat.com/content/public/ubi/dist/ubi9/9/x86_64/appstream/os/Packages/p/python3.11-pip-22.3.1-5.el9.noarch.rpm
    repoid: ubi-9-for-x86_64-appstream-rpms
    size: 3358530
    checksum: sha256:c5c12f2941e65ea36b645ea215a62883fcfafc45931f0370153fecf752bde885
    name: python3.11-pip
    evr: 22.3.1-5.el9
    sourcerpm: python3.11-pip-22.3.1-5.el9.src.rpm
  - url: https://cdn-ubi.redhat.com/content/public/ubi/dist/ubi9/9/x86_64/appstream/os/Packages/p/python3.11-pip-wheel-22.3.1-5.el9.noarch.rpm
    repoid: ubi-9-for-x86_64-appstream-rpms
    size: 1490893
    checksum: sha256:c7c531cbc553b7cbec0a3a61ed396aede78ec663ff77a118a60829b9505383ab
    name: python3.11-pip-wheel
    evr: 22.3.1-5.el9
    sourcerpm: python3.11-pip-22.3.1-5.el9.src.rpm
  - url: https://cdn-ubi.redhat.com/content/public/ubi/dist/ubi9/9/x86_64/appstream/os/Packages/p/python3.11-setuptools-65.5.1-4.el9_6.noarch.rpm
    repoid: ubi-9-for-x86_64-appstream-rpms
    size: 1794566
    checksum: sha256:15b72546d2964e02c54f0f9ed45dec5e7a5c179899668e020f920357705f7455
    name: python3.11-setuptools
    evr: 65.5.1-4.el9_6
    sourcerpm: python3.11-setuptools-65.5.1-4.el9_6.src.rpm
  - url: https://cdn-ubi.redhat.com/content/public/ubi/dist/ubi9/9/x86_64/appstream/os/Packages/p/python3.11-setuptools-wheel-65.5.1-4.el9_6.noarch.rpm
    repoid: ubi-9-for-x86_64-appstream-rpms
    size: 729097
    checksum: sha256:0887cbc9f8c1d8f73d6292d6ae4ac21db8da6fade83279fc40cd35f884cfcb70
    name: python3.11-setuptools-wheel
    evr: 65.5.1-4.el9_6
    sourcerpm: python3.11-setuptools-65.5.1-4.el9_6.src.rpm
  - url: https://cdn-ubi.redhat.com/content/public/ubi/dist/ubi9/9/x86_64/appstream/os/Packages/z/zlib-devel-1.2.11-40.el9.x86_64.rpm
    repoid: ubi-9-for-x86_64-appstream-rpms
    size: 48017
    checksum: sha256:9775022716a2b6dd51d151a40aa4a6bcb466edeb01b747f48072703e509be097
    name: zlib-devel
    evr: 1.2.11-40.el9
    sourcerpm: zlib-1.2.11-40.el9.src.rpm
  - url: https://cdn-ubi.redhat.com/content/public/ubi/dist/ubi9/9/x86_64/baseos/os/Packages/a/acl-2.3.1-4.el9.x86_64.rpm
    repoid: ubi-9-for-x86_64-baseos-rpms
    size: 77226
    checksum: sha256:150d7232faa90f84a09268f8998ee32670eef59cba98612aeb996ab75c4dfcc4
    name: acl
    evr: 2.3.1-4.el9
    sourcerpm: acl-2.3.1-4.el9.src.rpm
  - url: https://cdn-ubi.redhat.com/content/public/ubi/dist/ubi9/9/x86_64/baseos/os/Packages/b/binutils-2.35.2-63.el9.x86_64.rpm
    repoid: ubi-9-for-x86_64-baseos-rpms
    size: 4818636
    checksum: sha256:4eb918b63dee7daf32117df2e3fcb02ad4ba3d96cb25677cf55315deceb7e22a
    name: binutils
    evr: 2.35.2-63.el9
    sourcerpm: binutils-2.35.2-63.el9.src.rpm
  - url: https://cdn-ubi.redhat.com/content/public/ubi/dist/ubi9/9/x86_64/baseos/os/Packages/b/binutils-gold-2.35.2-63.el9.x86_64.rpm
    repoid: ubi-9-for-x86_64-baseos-rpms
    size: 753176
    checksum: sha256:339d9bb2dc0e41c4756f1a4f82e82f6654818b72de74f1f0377c76277617352b
    name: binutils-gold
    evr: 2.35.2-63.el9
    sourcerpm: binutils-2.35.2-63.el9.src.rpm
  - url: https://cdn-ubi.redhat.com/content/public/ubi/dist/ubi9/9/x86_64/baseos/os/Packages/c/cracklib-2.9.6-27.el9.x86_64.rpm
    repoid: ubi-9-for-x86_64-baseos-rpms
    size: 100903
    checksum: sha256:8551b711718596fbfef6622bbf32f785864959af9d06a76da2545ec9f3a126e7
    name: cracklib
    evr: 2.9.6-27.el9
    sourcerpm: cracklib-2.9.6-27.el9.src.rpm
  - url: https://cdn-ubi.redhat.com/content/public/ubi/dist/ubi9/9/x86_64/baseos/os/Packages/c/cracklib-dicts-2.9.6-27.el9.x86_64.rpm
    repoid: ubi-9-for-x86_64-baseos-rpms
    size: 3821230
    checksum: sha256:ab4356c86bdc996dc9e55703a7ae936e3e46aec6ebf6d6f008e126ff06e83df2
    name: cracklib-dicts
    evr: 2.9.6-27.el9
    sourcerpm: cracklib-2.9.6-27.el9.src.rpm
  - url: https://cdn-ubi.redhat.com/content/public/ubi/dist/ubi9/9/x86_64/baseos/os/Packages/d/dbus-1.12.20-8.el9.x86_64.rpm
    repoid: ubi-9-for-x86_64-baseos-rpms
    size: 8073
    checksum: sha256:96b1daa4de0a635ab760a8431fb005022bb7cb48d2d1d3ec9a8adb1798c0e10e
    name: dbus
    evr: 1:1.12.20-8.el9
    sourcerpm: dbus-1.12.20-8.el9.src.rpm
  - url: https://cdn-ubi.redhat.com/content/public/ubi/dist/ubi9/9/x86_64/baseos/os/Packages/d/dbus-broker-28-7.el9.x86_64.rpm
    repoid: ubi-9-for-x86_64-baseos-rpms
    size: 179634
    checksum: sha256:de9869c08df7f6952787d0335b9bf1a09b328bea920556a59af07c8e085dd3cb
    name: dbus-broker
    evr: 28-7.el9
    sourcerpm: dbus-broker-28-7.el9.src.rpm
  - url: https://cdn-ubi.redhat.com/content/public/ubi/dist/ubi9/9/x86_64/baseos/os/Packages/d/dbus-common-1.12.20-8.el9.noarch.rpm
    repoid: ubi-9-for-x86_64-baseos-rpms
    size: 18551
    checksum: sha256:298f1cada3cbcef6713098b9925694a0e30e8566f7a5bdbd72384520cf6c8360
    name: dbus-common
    evr: 1:1.12.20-8.el9
    sourcerpm: dbus-1.12.20-8.el9.src.rpm
  - url: https://cdn-ubi.redhat.com/content/public/ubi/dist/ubi9/9/x86_64/baseos/os/Packages/e/elfutils-debuginfod-client-0.192-6.el9_6.x86_64.rpm
    repoid: ubi-9-for-x86_64-baseos-rpms
    size: 47122
    checksum: sha256:0fcab0370abc33e8df4686dad91ff390dd6dd3437b601c3911efd83ec7603168
    name: elfutils-debuginfod-client
    evr: 0.192-6.el9_6
    sourcerpm: elfutils-0.192-6.el9_6.src.rpm
  - url: https://cdn-ubi.redhat.com/content/public/ubi/dist/ubi9/9/x86_64/baseos/os/Packages/e/elfutils-default-yama-scope-0.192-6.el9_6.noarch.rpm
    repoid: ubi-9-for-x86_64-baseos-rpms
    size: 9980
    checksum: sha256:847f0cbedaef67673aadcd1bc5b8f6b9b8cb5e0cb6896c6586abe89829469c99
    name: elfutils-default-yama-scope
    evr: 0.192-6.el9_6
    sourcerpm: elfutils-0.192-6.el9_6.src.rpm
  - url: https://cdn-ubi.redhat.com/content/public/ubi/dist/ubi9/9/x86_64/baseos/os/Packages/e/elfutils-libelf-0.192-6.el9_6.x86_64.rpm
    repoid: ubi-9-for-x86_64-baseos-rpms
    size: 212613
    checksum: sha256:9c9e2bc6ea19cda24a73f95ef9f439d61fd4480ae1889ac7e0730ee67432fd64
    name: elfutils-libelf
    evr: 0.192-6.el9_6
    sourcerpm: elfutils-0.192-6.el9_6.src.rpm
  - url: https://cdn-ubi.redhat.com/content/public/ubi/dist/ubi9/9/x86_64/baseos/os/Packages/e/elfutils-libs-0.192-6.el9_6.x86_64.rpm
    repoid: ubi-9-for-x86_64-baseos-rpms
    size: 269588
    checksum: sha256:8071e26f2c44c4941dec0ed2296ec79485f9276f4abaa9464da2d1e625ddd31e
    name: elfutils-libs
    evr: 0.192-6.el9_6
    sourcerpm: elfutils-0.192-6.el9_6.src.rpm
  - url: https://cdn-ubi.redhat.com/content/public/ubi/dist/ubi9/9/x86_64/baseos/os/Packages/e/expat-2.5.0-5.el9_6.x86_64.rpm
    repoid: ubi-9-for-x86_64-baseos-rpms
    size: 121835
    checksum: sha256:63522da84934e944305c9e206894031988ab9e561bba2e6c131d76093d1a0211
    name: expat
    evr: 2.5.0-5.el9_6
    sourcerpm: expat-2.5.0-5.el9_6.src.rpm
  - url: https://cdn-ubi.redhat.com/content/public/ubi/dist/ubi9/9/x86_64/baseos/os/Packages/g/gzip-1.12-1.el9.x86_64.rpm
    repoid: ubi-9-for-x86_64-baseos-rpms
    size: 171206
    checksum: sha256:c8b3e0414d55b1eedb0185a564ac6cb2368bee2fd5f995447d045f6a714488ac
    name: gzip
    evr: 1.12-1.el9
    sourcerpm: gzip-1.12-1.el9.src.rpm
  - url: https://cdn-ubi.redhat.com/content/public/ubi/dist/ubi9/9/x86_64/baseos/os/Packages/k/kmod-libs-28-10.el9.x86_64.rpm
    repoid: ubi-9-for-x86_64-baseos-rpms
    size: 66607
    checksum: sha256:9ae0b89812908ee50ec654ba35f74dc478057e8981afd4a5cc8d2befd987b342
    name: kmod-libs
    evr: 28-10.el9
    sourcerpm: kmod-28-10.el9.src.rpm
  - url: https://cdn-ubi.redhat.com/content/public/ubi/dist/ubi9/9/x86_64/baseos/os/Packages/l/libdb-5.3.28-57.el9_6.x86_64.rpm
    repoid: ubi-9-for-x86_64-baseos-rpms
    size: 755192
    checksum: sha256:3246e76f197e2b60eb470b9b55d3e0dda2301b029f295fed9c38ff70b87c5b6b
    name: libdb
    evr: 5.3.28-57.el9_6
    sourcerpm: libdb-5.3.28-57.el9_6.src.rpm
  - url: https://cdn-ubi.redhat.com/content/public/ubi/dist/ubi9/9/x86_64/baseos/os/Packages/l/libeconf-0.4.1-4.el9.x86_64.rpm
    repoid: ubi-9-for-x86_64-baseos-rpms
    size: 30371
    checksum: sha256:f7998382ca1be7836f6af05d42dc03f88799abcb10aa7a761e16f74058598012
    name: libeconf
    evr: 0.4.1-4.el9
    sourcerpm: libeconf-0.4.1-4.el9.src.rpm
  - url: https://cdn-ubi.redhat.com/content/public/ubi/dist/ubi9/9/x86_64/baseos/os/Packages/l/libfdisk-2.37.4-21.el9.x86_64.rpm
    repoid: ubi-9-for-x86_64-baseos-rpms
    size: 159417
    checksum: sha256:81c7676b72b85d8b5822888c510952ec0996b3d89bf8cddaf76dba31bc72a4a1
    name: libfdisk
    evr: 2.37.4-21.el9
    sourcerpm: util-linux-2.37.4-21.el9.src.rpm
  - url: https://cdn-ubi.redhat.com/content/public/ubi/dist/ubi9/9/x86_64/baseos/os/Packages/l/libgomp-11.5.0-5.el9_5.x86_64.rpm
    repoid: ubi-9-for-x86_64-baseos-rpms
    size: 269396
    checksum: sha256:da7af36960df4b59178f4d7c42353d48c53fbe231e7e62d734a4319748f897a9
    name: libgomp
    evr: 11.5.0-5.el9_5
    sourcerpm: gcc-11.5.0-5.el9_5.src.rpm
  - url: https://cdn-ubi.redhat.com/content/public/ubi/dist/ubi9/9/x86_64/baseos/os/Packages/l/libpkgconf-1.7.3-10.el9.x86_64.rpm
    repoid: ubi-9-for-x86_64-baseos-rpms
    size: 38387
    checksum: sha256:4feae5941b73640bd86b8d506a657cac5b770043db1464fbcd207721b2159dda
    name: libpkgconf
    evr: 1.7.3-10.el9
    sourcerpm: pkgconf-1.7.3-10.el9.src.rpm
  - url: https://cdn-ubi.redhat.com/content/public/ubi/dist/ubi9/9/x86_64/baseos/os/Packages/l/libpwquality-1.4.4-8.el9.x86_64.rpm
    repoid: ubi-9-for-x86_64-baseos-rpms
    size: 126104
    checksum: sha256:14b7ff2f7fdaf8ebec90261f4619ea7f7c3564c4de8483666de7ed4b1f49b66f
    name: libpwquality
    evr: 1.4.4-8.el9
    sourcerpm: libpwquality-1.4.4-8.el9.src.rpm
  - url: https://cdn-ubi.redhat.com/content/public/ubi/dist/ubi9/9/x86_64/baseos/os/Packages/l/libseccomp-2.5.2-2.el9.x86_64.rpm
    repoid: ubi-9-for-x86_64-baseos-rpms
    size: 76200
    checksum: sha256:e2015f60dbe784330d5df43f3f05c68c307694600a636a1706bf86527cc82e82
    name: libseccomp
    evr: 2.5.2-2.el9
    sourcerpm: libseccomp-2.5.2-2.el9.src.rpm
  - url: https://cdn-ubi.redhat.com/content/public/ubi/dist/ubi9/9/x86_64/baseos/os/Packages/l/libtirpc-1.3.3-9.el9.x86_64.rpm
    repoid: ubi-9-for-x86_64-baseos-rpms
    size: 98934
    checksum: sha256:f82cd69dc3aac881d5b574930c7d274687054cb5b03d3a8e3affa7bbcd5950b1
    name: libtirpc
    evr: 1.3.3-9.el9
    sourcerpm: libtirpc-1.3.3-9.el9.src.rpm
  - url: https://cdn-ubi.redhat.com/content/public/ubi/dist/ubi9/9/x86_64/baseos/os/Packages/l/libutempter-1.2.1-6.el9.x86_64.rpm
    repoid: ubi-9-for-x86_64-baseos-rpms
    size: 30354
    checksum: sha256:0f1df5e0d48c2ac9914bfffa7ed569cd58e42b17ba96bb3f7cf74d1e80de2597
    name: libutempter
    evr: 1.2.1-6.el9
    sourcerpm: libutempter-1.2.1-6.el9.src.rpm
  - url: https://cdn-ubi.redhat.com/content/public/ubi/dist/ubi9/9/x86_64/baseos/os/Packages/m/make-4.3-8.el9.x86_64.rpm
    repoid: ubi-9-for-x86_64-baseos-rpms
    size: 553896
    checksum: sha256:561f0c2251e9217c81a6c88de4d2d9231a039aaab37e8a0d2559d36ce9fa85fd
    name: make
    evr: 1:4.3-8.el9
    sourcerpm: make-4.3-8.el9.src.rpm
  - url: https://cdn-ubi.redhat.com/content/public/ubi/dist/ubi9/9/x86_64/baseos/os/Packages/o/openssl-3.2.2-6.el9_5.1.x86_64.rpm
    repoid: ubi-9-for-x86_64-baseos-rpms
    size: 1420999
    checksum: sha256:f379686df99db814e30568a896b417278775fc96864ac6d2660bf48ef94309e3
    name: openssl
    evr: 1:3.2.2-6.el9_5.1
    sourcerpm: openssl-3.2.2-6.el9_5.1.src.rpm
  - url: https://cdn-ubi.redhat.com/content/public/ubi/dist/ubi9/9/x86_64/baseos/os/Packages/p/pam-1.5.1-26.el9_6.x86_64.rpm
    repoid: ubi-9-for-x86_64-baseos-rpms
    size: 636788
    checksum: sha256:247027fa7a2236c1fb46756ed372637f85cf85886603a2ad5ba918e4231324bc
    name: pam
    evr: 1.5.1-26.el9_6
    sourcerpm: pam-1.5.1-26.el9_6.src.rpm
  - url: https://cdn-ubi.redhat.com/content/public/ubi/dist/ubi9/9/x86_64/baseos/os/Packages/p/pkgconf-1.7.3-10.el9.x86_64.rpm
    repoid: ubi-9-for-x86_64-baseos-rpms
    size: 45675
    checksum: sha256:bb47b4ecc499c308f41031a99e723827d152d5d750f59849d0c265d820944a26
    name: pkgconf
    evr: 1.7.3-10.el9
    sourcerpm: pkgconf-1.7.3-10.el9.src.rpm
  - url: https://cdn-ubi.redhat.com/content/public/ubi/dist/ubi9/9/x86_64/baseos/os/Packages/p/pkgconf-m4-1.7.3-10.el9.noarch.rpm
    repoid: ubi-9-for-x86_64-baseos-rpms
    size: 16054
    checksum: sha256:91bafd6e06099451f60288327b275cfcc651822f6145176a157c6b0fa5131e02
    name: pkgconf-m4
    evr: 1.7.3-10.el9
    sourcerpm: pkgconf-1.7.3-10.el9.src.rpm
  - url: https://cdn-ubi.redhat.com/content/public/ubi/dist/ubi9/9/x86_64/baseos/os/Packages/p/pkgconf-pkg-config-1.7.3-10.el9.x86_64.rpm
    repoid: ubi-9-for-x86_64-baseos-rpms
    size: 12438
    checksum: sha256:9a502d81d73d3303ceb53a06ad7ce525c97117ea64352174a33708bf3429283d
    name: pkgconf-pkg-config
    evr: 1.7.3-10.el9
    sourcerpm: pkgconf-1.7.3-10.el9.src.rpm
  - url: https://cdn-ubi.redhat.com/content/public/ubi/dist/ubi9/9/x86_64/baseos/os/Packages/s/systemd-252-51.el9_6.2.x86_64.rpm
    repoid: ubi-9-for-x86_64-baseos-rpms
    size: 4397767
    checksum: sha256:b7acb6861d52c368eeb23afe3413f4de4ba60281598e55f931b2a4882b5ae239
    name: systemd
    evr: 252-51.el9_6.2
    sourcerpm: systemd-252-51.el9_6.2.src.rpm
  - url: https://cdn-ubi.redhat.com/content/public/ubi/dist/ubi9/9/x86_64/baseos/os/Packages/s/systemd-pam-252-51.el9_6.2.x86_64.rpm
    repoid: ubi-9-for-x86_64-baseos-rpms
    size: 285233
    checksum: sha256:bb438d85cdf5dc7a53cf1309fa48d7be8814e9cfaec846efe8bb559720325fb7
    name: systemd-pam
    evr: 252-51.el9_6.2
    sourcerpm: systemd-252-51.el9_6.2.src.rpm
  - url: https://cdn-ubi.redhat.com/content/public/ubi/dist/ubi9/9/x86_64/baseos/os/Packages/s/systemd-rpm-macros-252-51.el9_6.2.noarch.rpm
    repoid: ubi-9-for-x86_64-baseos-rpms
    size: 68125
    checksum: sha256:a9d98e4240645fa96c953218bc89dbda221e33247f2890790dead31b53adff49
    name: systemd-rpm-macros
    evr: 252-51.el9_6.2
    sourcerpm: systemd-252-51.el9_6.2.src.rpm
  - url: https://cdn-ubi.redhat.com/content/public/ubi/dist/ubi9/9/x86_64/baseos/os/Packages/u/unzip-6.0-58.el9_5.x86_64.rpm
    repoid: ubi-9-for-x86_64-baseos-rpms
    size: 190785
    checksum: sha256:009698f3b4432b9df219fd2f894234aad1cee8c4e4e61384b4e293ef8e28e9c2
    name: unzip
    evr: 6.0-58.el9_5
    sourcerpm: unzip-6.0-58.el9_5.src.rpm
  - url: https://cdn-ubi.redhat.com/content/public/ubi/dist/ubi9/9/x86_64/baseos/os/Packages/u/util-linux-2.37.4-21.el9.x86_64.rpm
    repoid: ubi-9-for-x86_64-baseos-rpms
    size: 2395065
    checksum: sha256:61c795084ae4b7745b904347d4643110cd62558fce2978bd4f025ff83524e55f
    name: util-linux
    evr: 2.37.4-21.el9
    sourcerpm: util-linux-2.37.4-21.el9.src.rpm
  - url: https://cdn-ubi.redhat.com/content/public/ubi/dist/ubi9/9/x86_64/baseos/os/Packages/u/util-linux-core-2.37.4-21.el9.x86_64.rpm
    repoid: ubi-9-for-x86_64-baseos-rpms
    size: 480619
    checksum: sha256:36389814fcec56d9b9d4bd1a4a63efb1cefa00bc8bacab73f89ef8f8be04b1cd
    name: util-linux-core
    evr: 2.37.4-21.el9
    sourcerpm: util-linux-2.37.4-21.el9.src.rpm
  - url: https://cdn-ubi.redhat.com/content/public/ubi/dist/ubi9/9/x86_64/baseos/os/Packages/w/which-2.21-30.el9_6.x86_64.rpm
    repoid: ubi-9-for-x86_64-baseos-rpms
    size: 42038
    checksum: sha256:9c09bae3141499ad4d197a563d2a2170768d67b32bdc571221baa059eb97553b
    name: which
    evr: 2.21-30.el9_6
    sourcerpm: which-2.21-30.el9_6.src.rpm
  - url: https://cdn-ubi.redhat.com/content/public/ubi/dist/ubi9/9/x86_64/baseos/os/Packages/z/zip-3.0-35.el9.x86_64.rpm
    repoid: ubi-9-for-x86_64-baseos-rpms
    size: 276200
    checksum: sha256:ef28011ba191f53260cebb1e42b0148ae65d9029940146699e802f501dba009c
    name: zip
    evr: 3.0-35.el9
    sourcerpm: zip-3.0-35.el9.src.rpm
  source:
  - url: https://cdn-ubi.redhat.com/content/public/ubi/dist/ubi9/9/x86_64/appstream/source/SRPMS/Packages/l/libmpc-1.2.1-4.el9.src.rpm
    repoid: ubi-9-for-x86_64-appstream-source-rpms
    size: 846236
    checksum: sha256:47774c27b65e63251f3a1cea99efbe8caed86448a573e34a44ab28ad88cc3ece
    name: libmpc
    evr: 1.2.1-4.el9
  - url: https://cdn-ubi.redhat.com/content/public/ubi/dist/ubi9/9/x86_64/appstream/source/SRPMS/Packages/l/libnsl2-2.0.0-1.el9.src.rpm
    repoid: ubi-9-for-x86_64-appstream-source-rpms
    size: 56885
    checksum: sha256:28fda2510dfa3d80c6f227354c3e917a104374e97566419e71ef5e246887c4e2
    name: libnsl2
    evr: 2.0.0-1.el9
  - url: https://cdn-ubi.redhat.com/content/public/ubi/dist/ubi9/9/x86_64/appstream/source/SRPMS/Packages/m/mpdecimal-2.5.1-3.el9.src.rpm
    repoid: ubi-9-for-x86_64-appstream-source-rpms
    size: 3334137
    checksum: sha256:2f5ece89d6a8d892816f386462d8be291ad83f1500b4c4b3655dcc7ed5192c0d
    name: mpdecimal
    evr: 2.5.1-3.el9
  - url: https://cdn-ubi.redhat.com/content/public/ubi/dist/ubi9/9/x86_64/appstream/source/SRPMS/Packages/p/python3.11-3.11.11-2.el9_6.2.src.rpm
    repoid: ubi-9-for-x86_64-appstream-source-rpms
    size: 20172726
    checksum: sha256:6bab124a4aae66c56d8e1e8ec13cf73daabd6e4a26285720df1b0ca010dc8848
    name: python3.11
    evr: 3.11.11-2.el9_6.2
  - url: https://cdn-ubi.redhat.com/content/public/ubi/dist/ubi9/9/x86_64/appstream/source/SRPMS/Packages/p/python3.11-pip-22.3.1-5.el9.src.rpm
    repoid: ubi-9-for-x86_64-appstream-source-rpms
    size: 9344698
    checksum: sha256:5bf6cb4965960cdb7f0191426f26acb9d08f207259c5b3cb1a9ee5bbc42f719b
    name: python3.11-pip
    evr: 22.3.1-5.el9
  - url: https://cdn-ubi.redhat.com/content/public/ubi/dist/ubi9/9/x86_64/appstream/source/SRPMS/Packages/p/python3.11-setuptools-65.5.1-4.el9_6.src.rpm
    repoid: ubi-9-for-x86_64-appstream-source-rpms
    size: 2631332
    checksum: sha256:68d30af3e04b3b482217b1d0cc48b59329da592fc9fc0c10fe5242cff18340fd
    name: python3.11-setuptools
    evr: 65.5.1-4.el9_6
  - url: https://cdn-ubi.redhat.com/content/public/ubi/dist/ubi9/9/x86_64/baseos/source/SRPMS/Packages/a/acl-2.3.1-4.el9.src.rpm
    repoid: ubi-9-for-x86_64-baseos-source-rpms
    size: 535332
    checksum: sha256:cb449bc6c85e0b50fa0bb98c969ff8481fee40517d8ebec5e28b72e5360fbe1e
    name: acl
    evr: 2.3.1-4.el9
  - url: https://cdn-ubi.redhat.com/content/public/ubi/dist/ubi9/9/x86_64/baseos/source/SRPMS/Packages/b/binutils-2.35.2-63.el9.src.rpm
    repoid: ubi-9-for-x86_64-baseos-source-rpms
    size: 22426920
    checksum: sha256:7e8e6c0116f7e862225990df4faaa664fe3b86198538cd350f01b3e5bd16cf41
    name: binutils
    evr: 2.35.2-63.el9
  - url: https://cdn-ubi.redhat.com/content/public/ubi/dist/ubi9/9/x86_64/baseos/source/SRPMS/Packages/c/cracklib-2.9.6-27.el9.src.rpm
    repoid: ubi-9-for-x86_64-baseos-source-rpms
    size: 6414228
    checksum: sha256:56a815a100d75c1d42c07090b632f05e51ea6d17df097d2936ab25d9aca49310
    name: cracklib
    evr: 2.9.6-27.el9
  - url: https://cdn-ubi.redhat.com/content/public/ubi/dist/ubi9/9/x86_64/baseos/source/SRPMS/Packages/d/dbus-1.12.20-8.el9.src.rpm
    repoid: ubi-9-for-x86_64-baseos-source-rpms
    size: 2143916
    checksum: sha256:3fe74a2b4fb4485c93e974010d9376e30a63dfcc628bfd6c01837c27b4953912
    name: dbus
    evr: 1:1.12.20-8.el9
  - url: https://cdn-ubi.redhat.com/content/public/ubi/dist/ubi9/9/x86_64/baseos/source/SRPMS/Packages/d/dbus-broker-28-7.el9.src.rpm
    repoid: ubi-9-for-x86_64-baseos-source-rpms
    size: 254475
    checksum: sha256:aced3097fbb8a424ca1816b8cb3e79960a9ccf7ba139538282886e692c317b29
    name: dbus-broker
    evr: 28-7.el9
  - url: https://cdn-ubi.redhat.com/content/public/ubi/dist/ubi9/9/x86_64/baseos/source/SRPMS/Packages/e/elfutils-0.192-6.el9_6.src.rpm
    repoid: ubi-9-for-x86_64-baseos-source-rpms
    size: 11944670
    checksum: sha256:afe7c9bef952ed086637fe83ac77bfafa70bf2ba28c1d7aaa51a18c9a75146b6
    name: elfutils
    evr: 0.192-6.el9_6
  - url: https://cdn-ubi.redhat.com/content/public/ubi/dist/ubi9/9/x86_64/baseos/source/SRPMS/Packages/e/expat-2.5.0-5.el9_6.src.rpm
    repoid: ubi-9-for-x86_64-baseos-source-rpms
    size: 8369732
    checksum: sha256:736df300c50aad5de613ee8322bedb9522042024a95df9c886089e225bc764f7
    name: expat
    evr: 2.5.0-5.el9_6
  - url: https://cdn-ubi.redhat.com/content/public/ubi/dist/ubi9/9/x86_64/baseos/source/SRPMS/Packages/g/gcc-11.5.0-5.el9_5.src.rpm
    repoid: ubi-9-for-x86_64-baseos-source-rpms
    size: 81877102
    checksum: sha256:ed35dd39cd89aec444199a916667169638150fd12199dbb3c3d2638e43121565
    name: gcc
    evr: 11.5.0-5.el9_5
  - url: https://cdn-ubi.redhat.com/content/public/ubi/dist/ubi9/9/x86_64/baseos/source/SRPMS/Packages/g/glibc-2.34-168.el9_6.23.src.rpm
    repoid: ubi-9-for-x86_64-baseos-source-rpms
    size: 19844337
    checksum: sha256:2495e3b229885e01ffd5dec87ea83d52022235c081e8fb19f6744a9e821b044f
    name: glibc
    evr: 2.34-168.el9_6.23
  - url: https://cdn-ubi.redhat.com/content/public/ubi/dist/ubi9/9/x86_64/baseos/source/SRPMS/Packages/g/gzip-1.12-1.el9.src.rpm
    repoid: ubi-9-for-x86_64-baseos-source-rpms
    size: 856147
    checksum: sha256:a05f582ec42e89258ee5e10af96dee4300bcb2a6a69a76bfb5b46f79e6a6a47b
    name: gzip
    evr: 1.12-1.el9
  - url: https://cdn-ubi.redhat.com/content/public/ubi/dist/ubi9/9/x86_64/baseos/source/SRPMS/Packages/k/kmod-28-10.el9.src.rpm
    repoid: ubi-9-for-x86_64-baseos-source-rpms
    size: 582431
    checksum: sha256:28b89be6334167a3a6b3d73c82c11301e1ca065c853b18509eca456c4ee06508
    name: kmod
    evr: 28-10.el9
  - url: https://cdn-ubi.redhat.com/content/public/ubi/dist/ubi9/9/x86_64/baseos/source/SRPMS/Packages/l/libdb-5.3.28-57.el9_6.src.rpm
    repoid: ubi-9-for-x86_64-baseos-source-rpms
    size: 35290920
    checksum: sha256:6a74a3d96bd4657659524050945e2a47e93779addf2de374a13e1baf32b4ab8d
    name: libdb
    evr: 5.3.28-57.el9_6
  - url: https://cdn-ubi.redhat.com/content/public/ubi/dist/ubi9/9/x86_64/baseos/source/SRPMS/Packages/l/libeconf-0.4.1-4.el9.src.rpm
    repoid: ubi-9-for-x86_64-baseos-source-rpms
    size: 201501
    checksum: sha256:4541a0915eca1e6fd1440253cf6bdfc5482c7b6dd3d3c7310a77faf852b7671a
    name: libeconf
    evr: 0.4.1-4.el9
  - url: https://cdn-ubi.redhat.com/content/public/ubi/dist/ubi9/9/x86_64/baseos/source/SRPMS/Packages/l/libpwquality-1.4.4-8.el9.src.rpm
    repoid: ubi-9-for-x86_64-baseos-source-rpms
    size: 447225
    checksum: sha256:14fbf335e2c6f22b441a9750a69b7c41e197c4dd21adac701fd81f17660ee0b4
    name: libpwquality
    evr: 1.4.4-8.el9
  - url: https://cdn-ubi.redhat.com/content/public/ubi/dist/ubi9/9/x86_64/baseos/source/SRPMS/Packages/l/libseccomp-2.5.2-2.el9.src.rpm
    repoid: ubi-9-for-x86_64-baseos-source-rpms
    size: 653169
    checksum: sha256:43dd0fa2cd26306e2017704075e628bbe675c8731b17848df82f3b59337f1be8
    name: libseccomp
    evr: 2.5.2-2.el9
  - url: https://cdn-ubi.redhat.com/content/public/ubi/dist/ubi9/9/x86_64/baseos/source/SRPMS/Packages/l/libtirpc-1.3.3-9.el9.src.rpm
    repoid: ubi-9-for-x86_64-baseos-source-rpms
    size: 589716
    checksum: sha256:95d684042f4c5f63ac57923639fd1e7d6d278766b4ee99feb24baa5567fe4b7e
    name: libtirpc
    evr: 1.3.3-9.el9
  - url: https://cdn-ubi.redhat.com/content/public/ubi/dist/ubi9/9/x86_64/baseos/source/SRPMS/Packages/l/libutempter-1.2.1-6.el9.src.rpm
    repoid: ubi-9-for-x86_64-baseos-source-rpms
    size: 30093
    checksum: sha256:e48843d2734fefad084a86165860ea9575bdc53f63bb5845d8807ce9ccb4f914
    name: libutempter
    evr: 1.2.1-6.el9
  - url: https://cdn-ubi.redhat.com/content/public/ubi/dist/ubi9/9/x86_64/baseos/source/SRPMS/Packages/l/libxcrypt-4.4.18-3.el9.src.rpm
    repoid: ubi-9-for-x86_64-baseos-source-rpms
    size: 543970
    checksum: sha256:d18f72eb41ecd0370e2e47f1dc5774be54e9ff3b4dd333578017666c7c488f40
    name: libxcrypt
    evr: 4.4.18-3.el9
  - url: https://cdn-ubi.redhat.com/content/public/ubi/dist/ubi9/9/x86_64/baseos/source/SRPMS/Packages/m/make-4.3-8.el9.src.rpm
    repoid: ubi-9-for-x86_64-baseos-source-rpms
    size: 2335546
    checksum: sha256:a5cc45d6c158b255cda528c496dbb8bc7783acb9898b97a39a1811230e102d7c
    name: make
    evr: 1:4.3-8.el9
  - url: https://cdn-ubi.redhat.com/content/public/ubi/dist/ubi9/9/x86_64/baseos/source/SRPMS/Packages/o/openssl-3.2.2-6.el9_5.1.src.rpm
    repoid: ubi-9-for-x86_64-baseos-source-rpms
    size: 17985138
    checksum: sha256:56c0b951be3e5ad6a1da594f9d4f09b8b752e2fb3d6827bcc03892f22f622b22
    name: openssl
    evr: 1:3.2.2-6.el9_5.1
  - url: https://cdn-ubi.redhat.com/content/public/ubi/dist/ubi9/9/x86_64/baseos/source/SRPMS/Packages/p/pam-1.5.1-26.el9_6.src.rpm
    repoid: ubi-9-for-x86_64-baseos-source-rpms
    size: 1130406
    checksum: sha256:9a351f0455da788ff63026af9a8ee30e744017941c82283f970d1ed066000bb6
    name: pam
    evr: 1.5.1-26.el9_6
  - url: https://cdn-ubi.redhat.com/content/public/ubi/dist/ubi9/9/x86_64/baseos/source/SRPMS/Packages/p/pkgconf-1.7.3-10.el9.src.rpm
    repoid: ubi-9-for-x86_64-baseos-source-rpms
    size: 310904
    checksum: sha256:4d53718592b298ca7c49665b1f4e7bd32dcb42cad15c89345585da9f20d4fcae
    name: pkgconf
    evr: 1.7.3-10.el9
  - url: https://cdn-ubi.redhat.com/content/public/ubi/dist/ubi9/9/x86_64/baseos/source/SRPMS/Packages/s/systemd-252-51.el9_6.2.src.rpm
    repoid: ubi-9-for-x86_64-baseos-source-rpms
    size: 43219722
    checksum: sha256:6c70ed2f22b9db562555f5fa817669a31c685e60d758ad12529968a731c634b9
    name: systemd
    evr: 252-51.el9_6.2
  - url: https://cdn-ubi.redhat.com/content/public/ubi/dist/ubi9/9/x86_64/baseos/source/SRPMS/Packages/u/unzip-6.0-58.el9_5.src.rpm
    repoid: ubi-9-for-x86_64-baseos-source-rpms
    size: 1436757
    checksum: sha256:49de0234c5e8f588c94b435c35225bcccd4cc94bb19cac94110d9aa0c5060f69
    name: unzip
    evr: 6.0-58.el9_5
  - url: https://cdn-ubi.redhat.com/content/public/ubi/dist/ubi9/9/x86_64/baseos/source/SRPMS/Packages/u/util-linux-2.37.4-21.el9.src.rpm
    repoid: ubi-9-for-x86_64-baseos-source-rpms
    size: 6281028
    checksum: sha256:cde2d6a98345d49de9d225fc3acf7542fb35fde32832f1361415486a7839c222
    name: util-linux
    evr: 2.37.4-21.el9
  - url: https://cdn-ubi.redhat.com/content/public/ubi/dist/ubi9/9/x86_64/baseos/source/SRPMS/Packages/w/which-2.21-30.el9_6.src.rpm
    repoid: ubi-9-for-x86_64-baseos-source-rpms
    size: 163429
    checksum: sha256:3ab75392900a7b7d5b7e869c0d5beba9e184e970946e328f995f79f2e35397ff
    name: which
    evr: 2.21-30.el9_6
  - url: https://cdn-ubi.redhat.com/content/public/ubi/dist/ubi9/9/x86_64/baseos/source/SRPMS/Packages/z/zip-3.0-35.el9.src.rpm
    repoid: ubi-9-for-x86_64-baseos-source-rpms
    size: 1137410
    checksum: sha256:416b6957a4365204cfb2ba9e5b9b9f21075b615114c6afe46c83166de258bb5d
    name: zip
    evr: 3.0-35.el9
  - url: https://cdn-ubi.redhat.com/content/public/ubi/dist/ubi9/9/x86_64/baseos/source/SRPMS/Packages/z/zlib-1.2.11-40.el9.src.rpm
    repoid: ubi-9-for-x86_64-baseos-source-rpms
    size: 561153
    checksum: sha256:e47b884c132983fd0cc40c761de72e1a34ada9ee395cfe50997f9fb9257669d8
    name: zlib
    evr: 1.2.11-40.el9
  - url: https://cdn-ubi.redhat.com/content/public/ubi/dist/ubi9/9/x86_64/baseos/source/SRPMS/Packages/z/zstd-1.5.5-1.el9.src.rpm
    repoid: ubi-9-for-x86_64-baseos-source-rpms
    size: 2378112
    checksum: sha256:922957570bae59b0a45bd9d96ce804c65c6c3260f50198f40804d95ffb0db65e
    name: zstd
    evr: 1.5.5-1.el9
  module_metadata: []
